
Microsoft Visual Studio Solution File, Format Version 12.00
# Visual Studio Version 17
VisualStudioVersion = 17.11.35303.130
MinimumVisualStudioVersion = 10.0.40219.1
Project("{FAE04EC0-301F-11D3-BF4B-00C04F79EFBC}") = "Auto", "Auto.csproj", "{ECF80269-892E-4E42-B854-231047D56F97}"
EndProject
Global
	GlobalSection(SolutionConfigurationPlatforms) = preSolution
		Debug|Any CPU = Debug|Any CPU
		Release|Any CPU = Release|Any CPU
	EndGlobalSection
	GlobalSection(ProjectConfigurationPlatforms) = postSolution
		{ECF80269-892E-4E42-B854-231047D56F97}.Debug|Any CPU.ActiveCfg = Debug|Any CPU
		{ECF80269-892E-4E42-B854-231047D56F97}.Debug|Any CPU.Build.0 = Debug|Any CPU
		{ECF80269-892E-4E42-B854-231047D56F97}.Release|Any CPU.ActiveCfg = Release|Any CPU
		{ECF80269-892E-4E42-B854-231047D56F97}.Release|Any CPU.Build.0 = Release|Any CPU
	EndGlobalSection
	GlobalSection(SolutionProperties) = preSolution
		HideSolutionNode = FALSE
	EndGlobalSection
	GlobalSection(ExtensibilityGlobals) = postSolution
		SolutionGuid = {B4F81D20-304D-401B-B510-D02989BFA71B}
	EndGlobalSection
EndGlobal
